
Microsoft Visual Studio Solution File, Format Version 12.00
# Visual Studio Version 17
VisualStudioVersion = 17.10.35122.118
MinimumVisualStudioVersion = 10.0.40219.1
Project("{FAE04EC0-301F-11D3-BF4B-00C04F79EFBC}") = "1", "1\1.csproj", "{685C805A-FA37-402E-901F-A05E9B6BD62F}"
EndProject
Global
	GlobalSection(SolutionConfigurationPlatforms) = preSolution
		Debug|Any CPU = Debug|Any CPU
		Release|Any CPU = Release|Any CPU
	EndGlobalSection
	GlobalSection(ProjectConfigurationPlatforms) = postSolution
		{685C805A-FA37-402E-901F-A05E9B6BD62F}.Debug|Any CPU.ActiveCfg = Debug|Any CPU
		{685C805A-FA37-402E-901F-A05E9B6BD62F}.Debug|Any CPU.Build.0 = Debug|Any CPU
		{685C805A-FA37-402E-901F-A05E9B6BD62F}.Release|Any CPU.ActiveCfg = Release|Any CPU
		{685C805A-FA37-402E-901F-A05E9B6BD62F}.Release|Any CPU.Build.0 = Release|Any CPU
	EndGlobalSection
	GlobalSection(SolutionProperties) = preSolution
		HideSolutionNode = FALSE
	EndGlobalSection
	GlobalSection(ExtensibilityGlobals) = postSolution
		SolutionGuid = {368D3007-0264-4027-B4D2-2068C6A0602F}
	EndGlobalSection
EndGlobal
